// !$*UTF8*$!
{
	archiveVersion = 1;
	classes = {
	};
	objectVersion = 46;
	objects = {

/* Begin PBXBuildFile section */
		79C897711A6769570061EB73 /* main.m in Sources */ = {isa = PBXBuildFile; fileRef = 79C897701A6769570061EB73 /* main.m */; };
		79C897741A6769570061EB73 /* AppDelegate.m in Sources */ = {isa = PBXBuildFile; fileRef = 79C897731A6769570061EB73 /* AppDelegate.m */; };
		79C897771A6769570061EB73 /* FirstViewController.m in Sources */ = {isa = PBXBuildFile; fileRef = 79C897761A6769570061EB73 /* FirstViewController.m */; };
		79C8977A1A6769570061EB73 /* SecondViewController.m in Sources */ = {isa = PBXBuildFile; fileRef = 79C897791A6769570061EB73 /* SecondViewController.m */; };
		79C8977D1A6769570061EB73 /* Main.storyboard in Resources */ = {isa = PBXBuildFile; fileRef = 79C8977B1A6769570061EB73 /* Main.storyboard */; };
		79C8977F1A6769570061EB73 /* Images.xcassets in Resources */ = {isa = PBXBuildFile; fileRef = 79C8977E1A6769570061EB73 /* Images.xcassets */; };
		79C897821A6769570061EB73 /* LaunchScreen.xib in Resources */ = {isa = PBXBuildFile; fileRef = 79C897801A6769570061EB73 /* LaunchScreen.xib */; };
		79C8978E1A6769580061EB73 /* TestTests.m in Sources */ = {isa = PBXBuildFile; fileRef = 79C8978D1A6769580061EB73 /* TestTests.m */; };
/* End PBXBuildFile section */

/* Begin PBXContainerItemProxy section */
		79C897881A6769570061EB73 /* PBXContainerItemProxy */ = {
			isa = PBXContainerItemProxy;
			containerPortal = 79C897631A6769570061EB73 /* Project object */;
			proxyType = 1;
			remoteGlobalIDString = 79C8976A1A6769570061EB73;
			remoteInfo = Test;
		};
/* End PBXContainerItemProxy section */

/* Begin PBXFileReference section */
		79C8976B1A6769570061EB73 /* Test.app */ = {isa = PBXFileReference; explicitFileType = wrapper.application; includeInIndex = 0; path = Test.app; sourceTree = BUILT_PRODUCTS_DIR; };
		79C8976F1A6769570061EB73 /* Info.plist */ = {isa = PBXFileReference; lastKnownFileType = text.plist.xml; path = Info.plist; sourceTree = "<group>"; };
		79C897701A6769570061EB73 /* main.m */ = {isa = PBXFileReference; lastKnownFileType = sourcecode.c.objc; path = main.m; sourceTree = "<group>"; };
		79C897721A6769570061EB73 /* AppDelegate.h */ = {isa = PBXFileReference; lastKnownFileType = sourcecode.c.h; path = AppDelegate.h; sourceTree = "<group>"; };
		79C897731A6769570061EB73 /* AppDelegate.m */ = {isa = PBXFileReference; lastKnownFileType = sourcecode.c.objc; path = AppDelegate.m; sourceTree = "<group>"; };
		79C897751A6769570061EB73 /* FirstViewController.h */ = {isa = PBXFileReference; lastKnownFileType = sourcecode.c.h; path = FirstViewController.h; sourceTree = "<group>"; };
		79C897761A6769570061EB73 /* FirstViewController.m */ = {isa = PBXFileReference; lastKnownFileType = sourcecode.c.objc; path = FirstViewController.m; sourceTree = "<group>"; };
		79C897781A6769570061EB73 /* SecondViewController.h */ = {isa = PBXFileReference; lastKnownFileType = sourcecode.c.h; path = SecondViewController.h; sourceTree = "<group>"; };
		79C897791A6769570061EB73 /* SecondViewController.m */ = {isa = PBXFileReference; lastKnownFileType = sourcecode.c.objc; path = SecondViewController.m; sourceTree = "<group>"; };
		79C8977C1A6769570061EB73 /* Base */ = {isa = PBXFileReference; lastKnownFileType = file.storyboard; name = Base; path = Base.lproj/Main.storyboard; sourceTree = "<group>"; };
		79C8977E1A6769570061EB73 /* Images.xcassets */ = {isa = PBXFileReference; lastKnownFileType = folder.assetcatalog; path = Images.xcassets; sourceTree = "<group>"; };
		79C897811A6769570061EB73 /* Base */ = {isa = PBXFileReference; lastKnownFileType = file.xib; name = Base; path = Base.lproj/LaunchScreen.xib; sourceTree = "<group>"; };
		79C897871A6769570061EB73 /* TestTests.xctest */ = {isa = PBXFileReference; explicitFileType = wrapper.cfbundle; includeInIndex = 0; path = TestTests.xctest; sourceTree = BUILT_PRODUCTS_DIR; };
		79C8978C1A6769580061EB73 /* Info.plist */ = {isa = PBXFileReference; lastKnownFileType = text.plist.xml; path = Info.plist; sourceTree = "<group>"; };
		79C8978D1A6769580061EB73 /* TestTests.m */ = {isa = PBXFileReference; lastKnownFileType = sourcecode.c.objc; path = TestTests.m; sourceTree = "<group>"; };
/* End PBXFileReference section */

/* Begin PBXFrameworksBuildPhase section */
		79C897681A6769570061EB73 /* Frameworks */ = {
			isa = PBXFrameworksBuildPhase;
			buildActionMask = 2147483647;
			files = (
			);
			runOnlyForDeploymentPostprocessing = 0;
		};
		79C897841A6769570061EB73 /* Frameworks */ = {
			isa = PBXFrameworksBuildPhase;
			buildActionMask = 2147483647;
			files = (
			);
			runOnlyForDeploymentPostprocessing = 0;
		};
/* End PBXFrameworksBuildPhase section */

/* Begin PBXGroup section */
		79C897621A6769570061EB73 = {
			isa = PBXGroup;
			children = (
				79C8976D1A6769570061EB73 /* Test */,
				79C8978A1A6769570061EB73 /* TestTests */,
				79C8976C1A6769570061EB73 /* Products */,
			);
			sourceTree = "<group>";
		};
		79C8976C1A6769570061EB73 /* Products */ = {
			isa = PBXGroup;
			children = (
				79C8976B1A6769570061EB73 /* Test.app */,
				79C897871A6769570061EB73 /* TestTests.xctest */,
			);
			name = Products;
			sourceTree = "<group>";
		};
		79C8976D1A6769570061EB73 /* Test */ = {
			isa = PBXGroup;
			children = (
				79C897721A6769570061EB73 /* AppDelegate.h */,
				79C897731A6769570061EB73 /* AppDelegate.m */,
				79C897751A6769570061EB73 /* FirstViewController.h */,
				79C897761A6769570061EB73 /* FirstViewController.m */,
				79C897781A6769570061EB73 /* SecondViewController.h */,
				79C897791A6769570061EB73 /* SecondViewController.m */,
				79C8977B1A6769570061EB73 /* Main.storyboard */,
				79C8977E1A6769570061EB73 /* Images.xcassets */,
				79C897801A6769570061EB73 /* LaunchScreen.xib */,
				79C8976E1A6769570061EB73 /* Supporting Files */,
			);
			path = Test;
			sourceTree = "<group>";
		};
		79C8976E1A6769570061EB73 /* Supporting Files */ = {
			isa = PBXGroup;
			children = (
				79C8976F1A6769570061EB73 /* Info.plist */,
				79C897701A6769570061EB73 /* main.m */,
			);
			name = "Supporting Files";
			sourceTree = "<group>";
		};
		79C8978A1A6769570061EB73 /* TestTests */ = {
			isa = PBXGroup;
			children = (
				79C8978D1A6769580061EB73 /* TestTests.m */,
				79C8978B1A6769580061EB73 /* Supporting Files */,
			);
			path = TestTests;
			sourceTree = "<group>";
		};
		79C8978B1A6769580061EB73 /* Supporting Files */ = {
			isa = PBXGroup;
			children = (
				79C8978C1A6769580061EB73 /* Info.plist */,
			);
			name = "Supporting Files";
			sourceTree = "<group>";
		};
/* End PBXGroup section */

/* Begin PBXNativeTarget section */
		79C8976A1A6769570061EB73 /* Test */ = {
			isa = PBXNativeTarget;
			buildConfigurationList = 79C897911A6769580061EB73 /* Build configuration list for PBXNativeTarget "Test" */;
			buildPhases = (
				79C897671A6769570061EB73 /* Sources */,
				79C897681A6769570061EB73 /* Frameworks */,
				79C897691A6769570061EB73 /* Resources */,
			);
			buildRules = (
			);
			dependencies = (
			);
			name = Test;
			productName = Test;
			productReference = 79C8976B1A6769570061EB73 /* Test.app */;
			productType = "com.apple.product-type.application";
		};
		79C897861A6769570061EB73 /* TestTests */ = {
			isa = PBXNativeTarget;
			buildConfigurationList = 79C897941A6769580061EB73 /* Build configuration list for PBXNativeTarget "TestTests" */;
			buildPhases = (
				79C897831A6769570061EB73 /* Sources */,
				79C897841A6769570061EB73 /* Frameworks */,
				79C897851A6769570061EB73 /* Resources */,
			);
			buildRules = (
			);
			dependencies = (
				79C897891A6769570061EB73 /* PBXTargetDependency */,
			);
			name = TestTests;
			productName = TestTests;
			productReference = 79C897871A6769570061EB73 /* TestTests.xctest */;
			productType = "com.apple.product-type.bundle.unit-test";
		};
/* End PBXNativeTarget section */

/* Begin PBXProject section */
		79C897631A6769570061EB73 /* Project object */ = {
			isa = PBXProject;
			attributes = {
				LastUpgradeCheck = 0610;
				ORGANIZATIONNAME = Alexander;
				TargetAttributes = {
					79C8976A1A6769570061EB73 = {
						CreatedOnToolsVersion = 6.1.1;
					};
					79C897861A6769570061EB73 = {
						CreatedOnToolsVersion = 6.1.1;
						TestTargetID = 79C8976A1A6769570061EB73;
					};
				};
			};
			buildConfigurationList = 79C897661A6769570061EB73 /* Build configuration list for PBXProject "Test" */;
			compatibilityVersion = "Xcode 3.2";
			developmentRegion = English;
			hasScannedForEncodings = 0;
			knownRegions = (
				en,
				Base,
			);
			mainGroup = 79C897621A6769570061EB73;
			productRefGroup = 79C8976C1A6769570061EB73 /* Products */;
			projectDirPath = "";
			projectRoot = "";
			targets = (
				79C8976A1A6769570061EB73 /* Test */,
				79C897861A6769570061EB73 /* TestTests */,
			);
		};
/* End PBXProject section */

/* Begin PBXResourcesBuildPhase section */
		79C897691A6769570061EB73 /* Resources */ = {
			isa = PBXResourcesBuildPhase;
			buildActionMask = 2147483647;
			files = (
				79C8977D1A6769570061EB73 /* Main.storyboard in Resources */,
				79C897821A6769570061EB73 /* LaunchScreen.xib in Resources */,
				79C8977F1A6769570061EB73 /* Images.xcassets in Resources */,
			);
			runOnlyForDeploymentPostprocessing = 0;
		};
		79C897851A6769570061EB73 /* Resources */ = {
			isa = PBXResourcesBuildPhase;
			buildActionMask = 2147483647;
			files = (
			);
			runOnlyForDeploymentPostprocessing = 0;
		};
/* End PBXResourcesBuildPhase section */

/* Begin PBXSourcesBuildPhase section */
		79C897671A6769570061EB73 /* Sources */ = {
			isa = PBXSourcesBuildPhase;
			buildActionMask = 2147483647;
			files = (
				79C8977A1A6769570061EB73 /* SecondViewController.m in Sources */,
				79C897741A6769570061EB73 /* AppDelegate.m in Sources */,
				79C897771A6769570061EB73 /* FirstViewController.m in Sources */,
				79C897711A6769570061EB73 /* main.m in Sources */,
			);
			runOnlyForDeploymentPostprocessing = 0;
		};
		79C897831A6769570061EB73 /* Sources */ = {
			isa = PBXSourcesBuildPhase;
			buildActionMask = 2147483647;
			files = (
				79C8978E1A6769580061EB73 /* TestTests.m in Sources */,
			);
			runOnlyForDeploymentPostprocessing = 0;
		};
/* End PBXSourcesBuildPhase section */

/* Begin PBXTargetDependency section */
		79C897891A6769570061EB73 /* PBXTargetDependency */ = {
			isa = PBXTargetDependency;
			target = 79C8976A1A6769570061EB73 /* Test */;
			targetProxy = 79C897881A6769570061EB73 /* PBXContainerItemProxy */;
		};
/* End PBXTargetDependency section */

/* Begin PBXVariantGroup section */
		79C8977B1A6769570061EB73 /* Main.storyboard */ = {
			isa = PBXVariantGroup;
			children = (
				79C8977C1A6769570061EB73 /* Base */,
			);
			name = Main.storyboard;
			sourceTree = "<group>";
		};
		79C897801A6769570061EB73 /* LaunchScreen.xib */ = {
			isa = PBXVariantGroup;
			children = (
				79C897811A6769570061EB73 /* Base */,
			);
			name = LaunchScreen.xib;
			sourceTree = "<group>";
		};
/* End PBXVariantGroup section */

/* Begin XCBuildConfiguration section */
		79C8978F1A6769580061EB73 /* Debug */ = {
			isa = XCBuildConfiguration;
			buildSettings = {
				ALWAYS_SEARCH_USER_PATHS = NO;
				CLANG_CXX_LANGUAGE_STANDARD = "gnu++0x";
				CLANG_CXX_LIBRARY = "libc++";
				CLANG_ENABLE_MODULES = YES;
				CLANG_ENABLE_OBJC_ARC = YES;
				CLANG_WARN_BOOL_CONVERSION = YES;
				CLANG_WARN_CONSTANT_CONVERSION = YES;
				CLANG_WARN_DIRECT_OBJC_ISA_USAGE = YES_ERROR;
				CLANG_WARN_EMPTY_BODY = YES;
				CLANG_WARN_ENUM_CONVERSION = YES;
				CLANG_WARN_INT_CONVERSION = YES;
				CLANG_WARN_OBJC_ROOT_CLASS = YES_ERROR;
				CLANG_WARN_UNREACHABLE_CODE = YES;
				CLANG_WARN__DUPLICATE_METHOD_MATCH = YES;
				"CODE_SIGN_IDENTITY[sdk=iphoneos*]" = "iPhone Developer";
				COPY_PHASE_STRIP = NO;
				ENABLE_STRICT_OBJC_MSGSEND = YES;
				GCC_C_LANGUAGE_STANDARD = gnu99;
				GCC_DYNAMIC_NO_PIC = NO;
				GCC_OPTIMIZATION_LEVEL = 0;
				GCC_PREPROCESSOR_DEFINITIONS = (
					"DEBUG=1",
					"$(inherited)",
				);
				GCC_SYMBOLS_PRIVATE_EXTERN = NO;
				GCC_WARN_64_TO_32_BIT_CONVERSION = YES;
				GCC_WARN_ABOUT_RETURN_TYPE = YES_ERROR;
				GCC_WARN_UNDECLARED_SELECTOR = YES;
				GCC_WARN_UNINITIALIZED_AUTOS = YES_AGGRESSIVE;
				GCC_WARN_UNUSED_FUNCTION = YES;
				GCC_WARN_UNUSED_VARIABLE = YES;
				IPHONEOS_DEPLOYMENT_TARGET = 8.1;
				MTL_ENABLE_DEBUG_INFO = YES;
				ONLY_ACTIVE_ARCH = YES;
				SDKROOT = iphoneos;
				TARGETED_DEVICE_FAMILY = "1,2";
			};
			name = Debug;
		};
		79C897901A6769580061EB73 /* Release */ = {
			isa = XCBuildConfiguration;
			buildSettings = {
				ALWAYS_SEARCH_USER_PATHS = NO;
				CLANG_CXX_LANGUAGE_STANDARD = "gnu++0x";
				CLANG_CXX_LIBRARY = "libc++";
				CLANG_ENABLE_MODULES = YES;
				CLANG_ENABLE_OBJC_ARC = YES;
				CLANG_WARN_BOOL_CONVERSION = YES;
				CLANG_WARN_CONSTANT_CONVERSION = YES;
				CLANG_WARN_DIRECT_OBJC_ISA_USAGE = YES_ERROR;
				CLANG_WARN_EMPTY_BODY = YES;
				CLANG_WARN_ENUM_CONVERSION = YES;
				CLANG_WARN_INT_CONVERSION = YES;
				CLANG_WARN_OBJC_ROOT_CLASS = YES_ERROR;
				CLANG_WARN_UNREACHABLE_CODE = YES;
				CLANG_WARN__DUPLICATE_METHOD_MATCH = YES;
				"CODE_SIGN_IDENTITY[sdk=iphoneos*]" = "iPhone Developer";
				COPY_PHASE_STRIP = YES;
				ENABLE_NS_ASSERTIONS = NO;
				ENABLE_STRICT_OBJC_MSGSEND = YES;
				GCC_C_LANGUAGE_STANDARD = gnu99;
				GCC_WARN_64_TO_32_BIT_CONVERSION = YES;
				GCC_WARN_ABOUT_RETURN_TYPE = YES_ERROR;
				GCC_WARN_UNDECLARED_SELECTOR = YES;
				GCC_WARN_UNINITIALIZED_AUTOS = YES_AGGRESSIVE;
				GCC_WARN_UNUSED_FUNCTION = YES;
				GCC_WARN_UNUSED_VARIABLE = YES;
				IPHONEOS_DEPLOYMENT_TARGET = 8.1;
				MTL_ENABLE_DEBUG_INFO = NO;
				SDKROOT = iphoneos;
				TARGETED_DEVICE_FAMILY = "1,2";
				VALIDATE_PRODUCT = YES;
			};
			name = Release;
		};
		79C897921A6769580061EB73 /* Debug */ = {
			isa = XCBuildConfiguration;
			buildSettings = {
				ASSETCATALOG_COMPILER_APPICON_NAME = AppIcon;
				INFOPLIST_FILE = Test/Info.plist;
				LD_RUNPATH_SEARCH_PATHS = "$(inherited) @executable_path/Frameworks";
				PRODUCT_NAME = "$(TARGET_NAME)";
			};
			name = Debug;
		};
		79C897931A6769580061EB73 /* Release */ = {
			isa = XCBuildConfiguration;
			buildSettings = {
				ASSETCATALOG_COMPILER_APPICON_NAME = AppIcon;
				INFOPLIST_FILE = Test/Info.plist;
				LD_RUNPATH_SEARCH_PATHS = "$(inherited) @executable_path/Frameworks";
				PRODUCT_NAME = "$(TARGET_NAME)";
			};
			name = Release;
		};
		79C897951A6769580061EB73 /* Debug */ = {
			isa = XCBuildConfiguration;
			buildSettings = {
				BUNDLE_LOADER = "$(TEST_HOST)";
				FRAMEWORK_SEARCH_PATHS = (
					"$(SDKROOT)/Developer/Library/Frameworks",
					"$(inherited)",
				);
				GCC_PREPROCESSOR_DEFINITIONS = (
					"DEBUG=1",
					"$(inherited)",
				);
				INFOPLIST_FILE = TestTests/Info.plist;
				LD_RUNPATH_SEARCH_PATHS = "$(inherited) @executable_path/Frameworks @loader_path/Frameworks";
				PRODUCT_NAME = "$(TARGET_NAME)";
				TEST_HOST = "$(BUILT_PRODUCTS_DIR)/Test.app/Test";
			};
			name = Debug;
		};
		79C897961A6769580061EB73 /* Release */ = {
			isa = XCBuildConfiguration;
			buildSettings = {
				BUNDLE_LOADER = "$(TEST_HOST)";
				FRAMEWORK_SEARCH_PATHS = (
					"$(SDKROOT)/Developer/Library/Frameworks",
					"$(inherited)",
				);
				INFOPLIST_FILE = TestTests/Info.plist;
				LD_RUNPATH_SEARCH_PATHS = "$(inherited) @executable_path/Frameworks @loader_path/Frameworks";
				PRODUCT_NAME = "$(TARGET_NAME)";
				TEST_HOST = "$(BUILT_PRODUCTS_DIR)/Test.app/Test";
			};
			name = Release;
		};
/* End XCBuildConfiguration section */

/* Begin XCConfigurationList section */
		79C897661A6769570061EB73 /* Build configuration list for PBXProject "Test" */ = {
			isa = XCConfigurationList;
			buildConfigurations = (
				79C8978F1A6769580061EB73 /* Debug */,
				79C897901A6769580061EB73 /* Release */,
			);
			defaultConfigurationIsVisible = 0;
			defaultConfigurationName = Release;
		};
		79C897911A6769580061EB73 /* Build configuration list for PBXNativeTarget "Test" */ = {
			isa = XCConfigurationList;
			buildConfigurations = (
				79C897921A6769580061EB73 /* Debug */,
				79C897931A6769580061EB73 /* Release */,
			);
			defaultConfigurationIsVisible = 0;
		};
		79C897941A6769580061EB73 /* Build configuration list for PBXNativeTarget "TestTests" */ = {
			isa = XCConfigurationList;
			buildConfigurations = (
				79C897951A6769580061EB73 /* Debug */,
				79C897961A6769580061EB73 /* Release */,
			);
			defaultConfigurationIsVisible = 0;
		};
/* End XCConfigurationList section */
	};
	rootObject = 79C897631A6769570061EB73 /* Project object */;
}
